// !$*UTF8*$!
{
	archiveVersion = 1;
	classes = {
	};
	objectVersion = 46;
	objects = {

/* Begin PBXBuildFile section */
		1ED5C2DE1E9CA0E40039B452 /* main.m in Sources */ = {isa = PBXBuildFile; fileRef = 1ED5C2DD1E9CA0E40039B452 /* main.m */; };
		1ED5C2E11E9CA0E40039B452 /* AppDelegate.m in Sources */ = {isa = PBXBuildFile; fileRef = 1ED5C2E01E9CA0E40039B452 /* AppDelegate.m */; };
		1ED5C2E71E9CA0E40039B452 /* Main.storyboard in Resources */ = {isa = PBXBuildFile; fileRef = 1ED5C2E51E9CA0E40039B452 /* Main.storyboard */; };
		1ED5C2E91E9CA0E40039B452 /* Assets.xcassets in Resources */ = {isa = PBXBuildFile; fileRef = 1ED5C2E81E9CA0E40039B452 /* Assets.xcassets */; };
		1ED5C2EC1E9CA0E40039B452 /* LaunchScreen.storyboard in Resources */ = {isa = PBXBuildFile; fileRef = 1ED5C2EA1E9CA0E40039B452 /* LaunchScreen.storyboard */; };
		1ED5C2F71E9CA0E40039B452 /* XCFMDBManagerExampleTests.m in Sources */ = {isa = PBXBuildFile; fileRef = 1ED5C2F61E9CA0E40039B452 /* XCFMDBManagerExampleTests.m */; };
		1ED5C3021E9CA0E40039B452 /* XCFMDBManagerExampleUITests.m in Sources */ = {isa = PBXBuildFile; fileRef = 1ED5C3011E9CA0E40039B452 /* XCFMDBManagerExampleUITests.m */; };
		1ED5C3111E9CA1150039B452 /* libsqlite3.tbd in Frameworks */ = {isa = PBXBuildFile; fileRef = 1ED5C3101E9CA1150039B452 /* libsqlite3.tbd */; };
		1ED5C3291E9CA1930039B452 /* ViewController.m in Sources */ = {isa = PBXBuildFile; fileRef = 1ED5C3281E9CA1930039B452 /* ViewController.m */; };
		1ED5C32E1E9CA24C0039B452 /* Person.m in Sources */ = {isa = PBXBuildFile; fileRef = 1ED5C32B1E9CA24C0039B452 /* Person.m */; };
		1ED5C32F1E9CA24C0039B452 /* Student.m in Sources */ = {isa = PBXBuildFile; fileRef = 1ED5C32D1E9CA24C0039B452 /* Student.m */; };
		1ED5C3351E9CA2A50039B452 /* NSObject+FMDB.m in Sources */ = {isa = PBXBuildFile; fileRef = 1ED5C3341E9CA2A50039B452 /* NSObject+FMDB.m */; };
		749058CCF2454C0A7C8E21E4 /* Pods_XCFMDBManagerExampleTests.framework in Frameworks */ = {isa = PBXBuildFile; fileRef = 9402DAA8158BD5D1D3FE60AF /* Pods_XCFMDBManagerExampleTests.framework */; };
		87EC8C35661923FDED537D69 /* Pods_XCFMDBManagerExampleUITests.framework in Frameworks */ = {isa = PBXBuildFile; fileRef = 2442A1A5269D42982F1270A8 /* Pods_XCFMDBManagerExampleUITests.framework */; };
		ACBF975D4DF3F5FC823982EE /* Pods_XCFMDBManagerExample.framework in Frameworks */ = {isa = PBXBuildFile; fileRef = FA4EA7EC6F3EE940526791A2 /* Pods_XCFMDBManagerExample.framework */; };
/* End PBXBuildFile section */

/* Begin PBXContainerItemProxy section */
		1ED5C2F31E9CA0E40039B452 /* PBXContainerItemProxy */ = {
			isa = PBXContainerItemProxy;
			containerPortal = 1ED5C2D11E9CA0E40039B452 /* Project object */;
			proxyType = 1;
			remoteGlobalIDString = 1ED5C2D81E9CA0E40039B452;
			remoteInfo = XCFMDBManagerExample;
		};
		1ED5C2FE1E9CA0E40039B452 /* PBXContainerItemProxy */ = {
			isa = PBXContainerItemProxy;
			containerPortal = 1ED5C2D11E9CA0E40039B452 /* Project object */;
			proxyType = 1;
			remoteGlobalIDString = 1ED5C2D81E9CA0E40039B452;
			remoteInfo = XCFMDBManagerExample;
		};
/* End PBXContainerItemProxy section */

/* Begin PBXFileReference section */
		0DDDF6D78B0E7EF01B09D262 /* Pods-XCFMDBManagerExampleUITests.release.xcconfig */ = {isa = PBXFileReference; includeInIndex = 1; lastKnownFileType = text.xcconfig; name = "Pods-XCFMDBManagerExampleUITests.release.xcconfig"; path = "Pods/Target Support Files/Pods-XCFMDBManagerExampleUITests/Pods-XCFMDBManagerExampleUITests.release.xcconfig"; sourceTree = "<group>"; };
		1ED5C2D91E9CA0E40039B452 /* XCFMDBManagerExample.app */ = {isa = PBXFileReference; explicitFileType = wrapper.application; includeInIndex = 0; path = XCFMDBManagerExample.app; sourceTree = BUILT_PRODUCTS_DIR; };
		1ED5C2DD1E9CA0E40039B452 /* main.m */ = {isa = PBXFileReference; lastKnownFileType = sourcecode.c.objc; path = main.m; sourceTree = "<group>"; };
		1ED5C2DF1E9CA0E40039B452 /* AppDelegate.h */ = {isa = PBXFileReference; lastKnownFileType = sourcecode.c.h; path = AppDelegate.h; sourceTree = "<group>"; };
		1ED5C2E01E9CA0E40039B452 /* AppDelegate.m */ = {isa = PBXFileReference; lastKnownFileType = sourcecode.c.objc; path = AppDelegate.m; sourceTree = "<group>"; };
		1ED5C2E61E9CA0E40039B452 /* Base */ = {isa = PBXFileReference; lastKnownFileType = file.storyboard; name = Base; path = Base.lproj/Main.storyboard; sourceTree = "<group>"; };
		1ED5C2E81E9CA0E40039B452 /* Assets.xcassets */ = {isa = PBXFileReference; lastKnownFileType = folder.assetcatalog; path = Assets.xcassets; sourceTree = "<group>"; };
		1ED5C2EB1E9CA0E40039B452 /* Base */ = {isa = PBXFileReference; lastKnownFileType = file.storyboard; name = Base; path = Base.lproj/LaunchScreen.storyboard; sourceTree = "<group>"; };
		1ED5C2ED1E9CA0E40039B452 /* Info.plist */ = {isa = PBXFileReference; lastKnownFileType = text.plist.xml; path = Info.plist; sourceTree = "<group>"; };
		1ED5C2F21E9CA0E40039B452 /* XCFMDBManagerExampleTests.xctest */ = {isa = PBXFileReference; explicitFileType = wrapper.cfbundle; includeInIndex = 0; path = XCFMDBManagerExampleTests.xctest; sourceTree = BUILT_PRODUCTS_DIR; };
		1ED5C2F61E9CA0E40039B452 /* XCFMDBManagerExampleTests.m */ = {isa = PBXFileReference; lastKnownFileType = sourcecode.c.objc; path = XCFMDBManagerExampleTests.m; sourceTree = "<group>"; };
		1ED5C2F81E9CA0E40039B452 /* Info.plist */ = {isa = PBXFileReference; lastKnownFileType = text.plist.xml; path = Info.plist; sourceTree = "<group>"; };
		1ED5C2FD1E9CA0E40039B452 /* XCFMDBManagerExampleUITests.xctest */ = {isa = PBXFileReference; explicitFileType = wrapper.cfbundle; includeInIndex = 0; path = XCFMDBManagerExampleUITests.xctest; sourceTree = BUILT_PRODUCTS_DIR; };
		1ED5C3011E9CA0E40039B452 /* XCFMDBManagerExampleUITests.m */ = {isa = PBXFileReference; lastKnownFileType = sourcecode.c.objc; path = XCFMDBManagerExampleUITests.m; sourceTree = "<group>"; };
		1ED5C3031E9CA0E40039B452 /* Info.plist */ = {isa = PBXFileReference; lastKnownFileType = text.plist.xml; path = Info.plist; sourceTree = "<group>"; };
		1ED5C3101E9CA1150039B452 /* libsqlite3.tbd */ = {isa = PBXFileReference; lastKnownFileType = "sourcecode.text-based-dylib-definition"; name = libsqlite3.tbd; path = usr/lib/libsqlite3.tbd; sourceTree = SDKROOT; };
		1ED5C3271E9CA1930039B452 /* ViewController.h */ = {isa = PBXFileReference; fileEncoding = 4; lastKnownFileType = sourcecode.c.h; path = ViewController.h; sourceTree = "<group>"; };
		1ED5C3281E9CA1930039B452 /* ViewController.m */ = {isa = PBXFileReference; fileEncoding = 4; lastKnownFileType = sourcecode.c.objc; path = ViewController.m; sourceTree = "<group>"; };
		1ED5C32A1E9CA24C0039B452 /* Person.h */ = {isa = PBXFileReference; fileEncoding = 4; lastKnownFileType = sourcecode.c.h; path = Person.h; sourceTree = "<group>"; };
		1ED5C32B1E9CA24C0039B452 /* Person.m */ = {isa = PBXFileReference; fileEncoding = 4; lastKnownFileType = sourcecode.c.objc; path = Person.m; sourceTree = "<group>"; };
		1ED5C32C1E9CA24C0039B452 /* Student.h */ = {isa = PBXFileReference; fileEncoding = 4; lastKnownFileType = sourcecode.c.h; path = Student.h; sourceTree = "<group>"; };
		1ED5C32D1E9CA24C0039B452 /* Student.m */ = {isa = PBXFileReference; fileEncoding = 4; lastKnownFileType = sourcecode.c.objc; path = Student.m; sourceTree = "<group>"; };
		1ED5C3331E9CA2A50039B452 /* NSObject+FMDB.h */ = {isa = PBXFileReference; fileEncoding = 4; lastKnownFileType = sourcecode.c.h; path = "NSObject+FMDB.h"; sourceTree = "<group>"; };
		1ED5C3341E9CA2A50039B452 /* NSObject+FMDB.m */ = {isa = PBXFileReference; fileEncoding = 4; lastKnownFileType = sourcecode.c.objc; path = "NSObject+FMDB.m"; sourceTree = "<group>"; };
		2442A1A5269D42982F1270A8 /* Pods_XCFMDBManagerExampleUITests.framework */ = {isa = PBXFileReference; explicitFileType = wrapper.framework; includeInIndex = 0; path = Pods_XCFMDBManagerExampleUITests.framework; sourceTree = BUILT_PRODUCTS_DIR; };
		323AC2FB9F2C59988779D51A /* Pods-XCFMDBManagerExampleUITests.debug.xcconfig */ = {isa = PBXFileReference; includeInIndex = 1; lastKnownFileType = text.xcconfig; name = "Pods-XCFMDBManagerExampleUITests.debug.xcconfig"; path = "Pods/Target Support Files/Pods-XCFMDBManagerExampleUITests/Pods-XCFMDBManagerExampleUITests.debug.xcconfig"; sourceTree = "<group>"; };
		8133112EA82097E53FCEEAAD /* Pods-XCFMDBManagerExampleTests.debug.xcconfig */ = {isa = PBXFileReference; includeInIndex = 1; lastKnownFileType = text.xcconfig; name = "Pods-XCFMDBManagerExampleTests.debug.xcconfig"; path = "Pods/Target Support Files/Pods-XCFMDBManagerExampleTests/Pods-XCFMDBManagerExampleTests.debug.xcconfig"; sourceTree = "<group>"; };
		9402DAA8158BD5D1D3FE60AF /* Pods_XCFMDBManagerExampleTests.framework */ = {isa = PBXFileReference; explicitFileType = wrapper.framework; includeInIndex = 0; path = Pods_XCFMDBManagerExampleTests.framework; sourceTree = BUILT_PRODUCTS_DIR; };
		9547A4F99EFED0902EB4101E /* Pods-XCFMDBManagerExample.debug.xcconfig */ = {isa = PBXFileReference; includeInIndex = 1; lastKnownFileType = text.xcconfig; name = "Pods-XCFMDBManagerExample.debug.xcconfig"; path = "Pods/Target Support Files/Pods-XCFMDBManagerExample/Pods-XCFMDBManagerExample.debug.xcconfig"; sourceTree = "<group>"; };
		C12AAB6C70657B87E6CBC3E8 /* Pods-XCFMDBManagerExample.release.xcconfig */ = {isa = PBXFileReference; includeInIndex = 1; lastKnownFileType = text.xcconfig; name = "Pods-XCFMDBManagerExample.release.xcconfig"; path = "Pods/Target Support Files/Pods-XCFMDBManagerExample/Pods-XCFMDBManagerExample.release.xcconfig"; sourceTree = "<group>"; };
		F8C0EB32E8DD187258CE1B68 /* Pods-XCFMDBManagerExampleTests.release.xcconfig */ = {isa = PBXFileReference; includeInIndex = 1; lastKnownFileType = text.xcconfig; name = "Pods-XCFMDBManagerExampleTests.release.xcconfig"; path = "Pods/Target Support Files/Pods-XCFMDBManagerExampleTests/Pods-XCFMDBManagerExampleTests.release.xcconfig"; sourceTree = "<group>"; };
		FA4EA7EC6F3EE940526791A2 /* Pods_XCFMDBManagerExample.framework */ = {isa = PBXFileReference; explicitFileType = wrapper.framework; includeInIndex = 0; path = Pods_XCFMDBManagerExample.framework; sourceTree = BUILT_PRODUCTS_DIR; };
/* End PBXFileReference section */

/* Begin PBXFrameworksBuildPhase section */
		1ED5C2D61E9CA0E40039B452 /* Frameworks */ = {
			isa = PBXFrameworksBuildPhase;
			buildActionMask = 2147483647;
			files = (
				1ED5C3111E9CA1150039B452 /* libsqlite3.tbd in Frameworks */,
				ACBF975D4DF3F5FC823982EE /* Pods_XCFMDBManagerExample.framework in Frameworks */,
			);
			runOnlyForDeploymentPostprocessing = 0;
		};
		1ED5C2EF1E9CA0E40039B452 /* Frameworks */ = {
			isa = PBXFrameworksBuildPhase;
			buildActionMask = 2147483647;
			files = (
				749058CCF2454C0A7C8E21E4 /* Pods_XCFMDBManagerExampleTests.framework in Frameworks */,
			);
			runOnlyForDeploymentPostprocessing = 0;
		};
		1ED5C2FA1E9CA0E40039B452 /* Frameworks */ = {
			isa = PBXFrameworksBuildPhase;
			buildActionMask = 2147483647;
			files = (
				87EC8C35661923FDED537D69 /* Pods_XCFMDBManagerExampleUITests.framework in Frameworks */,
			);
			runOnlyForDeploymentPostprocessing = 0;
		};
/* End PBXFrameworksBuildPhase section */

/* Begin PBXGroup section */
		080C95F20EF983315DE76EE1 /* Pods */ = {
			isa = PBXGroup;
			children = (
				9547A4F99EFED0902EB4101E /* Pods-XCFMDBManagerExample.debug.xcconfig */,
				C12AAB6C70657B87E6CBC3E8 /* Pods-XCFMDBManagerExample.release.xcconfig */,
				8133112EA82097E53FCEEAAD /* Pods-XCFMDBManagerExampleTests.debug.xcconfig */,
				F8C0EB32E8DD187258CE1B68 /* Pods-XCFMDBManagerExampleTests.release.xcconfig */,
				323AC2FB9F2C59988779D51A /* Pods-XCFMDBManagerExampleUITests.debug.xcconfig */,
				0DDDF6D78B0E7EF01B09D262 /* Pods-XCFMDBManagerExampleUITests.release.xcconfig */,
			);
			name = Pods;
			sourceTree = "<group>";
		};
		1ED5C2D01E9CA0E40039B452 = {
			isa = PBXGroup;
			children = (
				1ED5C31E1E9CA1690039B452 /* XCFMDBManager */,
				1ED5C2DB1E9CA0E40039B452 /* XCFMDBManagerExample */,
				1ED5C2F51E9CA0E40039B452 /* XCFMDBManagerExampleTests */,
				1ED5C3001E9CA0E40039B452 /* XCFMDBManagerExampleUITests */,
				1ED5C2DA1E9CA0E40039B452 /* Products */,
				1ED5C30F1E9CA1150039B452 /* Frameworks */,
				080C95F20EF983315DE76EE1 /* Pods */,
			);
			sourceTree = "<group>";
		};
		1ED5C2DA1E9CA0E40039B452 /* Products */ = {
			isa = PBXGroup;
			children = (
				1ED5C2D91E9CA0E40039B452 /* XCFMDBManagerExample.app */,
				1ED5C2F21E9CA0E40039B452 /* XCFMDBManagerExampleTests.xctest */,
				1ED5C2FD1E9CA0E40039B452 /* XCFMDBManagerExampleUITests.xctest */,
			);
			name = Products;
			sourceTree = "<group>";
		};
		1ED5C2DB1E9CA0E40039B452 /* XCFMDBManagerExample */ = {
			isa = PBXGroup;
			children = (
				1ED5C3271E9CA1930039B452 /* ViewController.h */,
				1ED5C3281E9CA1930039B452 /* ViewController.m */,
				1ED5C2DF1E9CA0E40039B452 /* AppDelegate.h */,
				1ED5C2E01E9CA0E40039B452 /* AppDelegate.m */,
				1ED5C32A1E9CA24C0039B452 /* Person.h */,
				1ED5C32B1E9CA24C0039B452 /* Person.m */,
				1ED5C32C1E9CA24C0039B452 /* Student.h */,
				1ED5C32D1E9CA24C0039B452 /* Student.m */,
				1ED5C2E51E9CA0E40039B452 /* Main.storyboard */,
				1ED5C2E81E9CA0E40039B452 /* Assets.xcassets */,
				1ED5C2EA1E9CA0E40039B452 /* LaunchScreen.storyboard */,
				1ED5C2ED1E9CA0E40039B452 /* Info.plist */,
				1ED5C2DC1E9CA0E40039B452 /* Supporting Files */,
			);
			path = XCFMDBManagerExample;
			sourceTree = "<group>";
		};
		1ED5C2DC1E9CA0E40039B452 /* Supporting Files */ = {
			isa = PBXGroup;
			children = (
				1ED5C2DD1E9CA0E40039B452 /* main.m */,
			);
			name = "Supporting Files";
			sourceTree = "<group>";
		};
		1ED5C2F51E9CA0E40039B452 /* XCFMDBManagerExampleTests */ = {
			isa = PBXGroup;
			children = (
				1ED5C2F61E9CA0E40039B452 /* XCFMDBManagerExampleTests.m */,
				1ED5C2F81E9CA0E40039B452 /* Info.plist */,
			);
			path = XCFMDBManagerExampleTests;
			sourceTree = "<group>";
		};
		1ED5C3001E9CA0E40039B452 /* XCFMDBManagerExampleUITests */ = {
			isa = PBXGroup;
			children = (
				1ED5C3011E9CA0E40039B452 /* XCFMDBManagerExampleUITests.m */,
				1ED5C3031E9CA0E40039B452 /* Info.plist */,
			);
			path = XCFMDBManagerExampleUITests;
			sourceTree = "<group>";
		};
		1ED5C30F1E9CA1150039B452 /* Frameworks */ = {
			isa = PBXGroup;
			children = (
				1ED5C3101E9CA1150039B452 /* libsqlite3.tbd */,
				FA4EA7EC6F3EE940526791A2 /* Pods_XCFMDBManagerExample.framework */,
				9402DAA8158BD5D1D3FE60AF /* Pods_XCFMDBManagerExampleTests.framework */,
				2442A1A5269D42982F1270A8 /* Pods_XCFMDBManagerExampleUITests.framework */,
			);
			name = Frameworks;
			sourceTree = "<group>";
		};
		1ED5C31E1E9CA1690039B452 /* XCFMDBManager */ = {
			isa = PBXGroup;
			children = (
				1ED5C3331E9CA2A50039B452 /* NSObject+FMDB.h */,
				1ED5C3341E9CA2A50039B452 /* NSObject+FMDB.m */,
			);
			path = XCFMDBManager;
			sourceTree = "<group>";
		};
/* End PBXGroup section */

/* Begin PBXNativeTarget section */
		1ED5C2D81E9CA0E40039B452 /* XCFMDBManagerExample */ = {
			isa = PBXNativeTarget;
			buildConfigurationList = 1ED5C3061E9CA0E40039B452 /* Build configuration list for PBXNativeTarget "XCFMDBManagerExample" */;
			buildPhases = (
				661679336867D59B3EAE1362 /* [CP] Check Pods Manifest.lock */,
				1ED5C2D51E9CA0E40039B452 /* Sources */,
				1ED5C2D61E9CA0E40039B452 /* Frameworks */,
				1ED5C2D71E9CA0E40039B452 /* Resources */,
				98A538E96E681E5E1BE4907B /* [CP] Embed Pods Frameworks */,
				707142258D719B8EE7595186 /* [CP] Copy Pods Resources */,
			);
			buildRules = (
			);
			dependencies = (
			);
			name = XCFMDBManagerExample;
			productName = XCFMDBManagerExample;
			productReference = 1ED5C2D91E9CA0E40039B452 /* XCFMDBManagerExample.app */;
			productType = "com.apple.product-type.application";
		};
		1ED5C2F11E9CA0E40039B452 /* XCFMDBManagerExampleTests */ = {
			isa = PBXNativeTarget;
			buildConfigurationList = 1ED5C3091E9CA0E40039B452 /* Build configuration list for PBXNativeTarget "XCFMDBManagerExampleTests" */;
			buildPhases = (
				8D9B8C3FAFB619F1076A0A59 /* [CP] Check Pods Manifest.lock */,
				1ED5C2EE1E9CA0E40039B452 /* Sources */,
				1ED5C2EF1E9CA0E40039B452 /* Frameworks */,
				1ED5C2F01E9CA0E40039B452 /* Resources */,
				FAA4B25663159AB14875DD47 /* [CP] Embed Pods Frameworks */,
				5F48C2A66C5F6B2E145ABF91 /* [CP] Copy Pods Resources */,
			);
			buildRules = (
			);
			dependencies = (
				1ED5C2F41E9CA0E40039B452 /* PBXTargetDependency */,
			);
			name = XCFMDBManagerExampleTests;
			productName = XCFMDBManagerExampleTests;
			productReference = 1ED5C2F21E9CA0E40039B452 /* XCFMDBManagerExampleTests.xctest */;
			productType = "com.apple.product-type.bundle.unit-test";
		};
		1ED5C2FC1E9CA0E40039B452 /* XCFMDBManagerExampleUITests */ = {
			isa = PBXNativeTarget;
			buildConfigurationList = 1ED5C30C1E9CA0E40039B452 /* Build configuration list for PBXNativeTarget "XCFMDBManagerExampleUITests" */;
			buildPhases = (
				063F2E95FC86FE637CC31D32 /* [CP] Check Pods Manifest.lock */,
				1ED5C2F91E9CA0E40039B452 /* Sources */,
				1ED5C2FA1E9CA0E40039B452 /* Frameworks */,
				1ED5C2FB1E9CA0E40039B452 /* Resources */,
				D5E5CCC583298623A339C3AC /* [CP] Embed Pods Frameworks */,
				BFA6B2BBF21908FA0321B54D /* [CP] Copy Pods Resources */,
			);
			buildRules = (
			);
			dependencies = (
				1ED5C2FF1E9CA0E40039B452 /* PBXTargetDependency */,
			);
			name = XCFMDBManagerExampleUITests;
			productName = XCFMDBManagerExampleUITests;
			productReference = 1ED5C2FD1E9CA0E40039B452 /* XCFMDBManagerExampleUITests.xctest */;
			productType = "com.apple.product-type.bundle.ui-testing";
		};
/* End PBXNativeTarget section */

/* Begin PBXProject section */
		1ED5C2D11E9CA0E40039B452 /* Project object */ = {
			isa = PBXProject;
			attributes = {
				LastUpgradeCheck = 0900;
				ORGANIZATIONNAME = "樊小聪";
				TargetAttributes = {
					1ED5C2D81E9CA0E40039B452 = {
						CreatedOnToolsVersion = 8.1;
						ProvisioningStyle = Automatic;
					};
					1ED5C2F11E9CA0E40039B452 = {
						CreatedOnToolsVersion = 8.1;
						ProvisioningStyle = Automatic;
						TestTargetID = 1ED5C2D81E9CA0E40039B452;
					};
					1ED5C2FC1E9CA0E40039B452 = {
						CreatedOnToolsVersion = 8.1;
						ProvisioningStyle = Automatic;
						TestTargetID = 1ED5C2D81E9CA0E40039B452;
					};
				};
			};
			buildConfigurationList = 1ED5C2D41E9CA0E40039B452 /* Build configuration list for PBXProject "XCFMDBManagerExample" */;
			compatibilityVersion = "Xcode 3.2";
			developmentRegion = English;
			hasScannedForEncodings = 0;
			knownRegions = (
				en,
				Base,
			);
			mainGroup = 1ED5C2D01E9CA0E40039B452;
			productRefGroup = 1ED5C2DA1E9CA0E40039B452 /* Products */;
			projectDirPath = "";
			projectRoot = "";
			targets = (
				1ED5C2D81E9CA0E40039B452 /* XCFMDBManagerExample */,
				1ED5C2F11E9CA0E40039B452 /* XCFMDBManagerExampleTests */,
				1ED5C2FC1E9CA0E40039B452 /* XCFMDBManagerExampleUITests */,
			);
		};
/* End PBXProject section */

/* Begin PBXResourcesBuildPhase section */
		1ED5C2D71E9CA0E40039B452 /* Resources */ = {
			isa = PBXResourcesBuildPhase;
			buildActionMask = 2147483647;
			files = (
				1ED5C2EC1E9CA0E40039B452 /* LaunchScreen.storyboard in Resources */,
				1ED5C2E91E9CA0E40039B452 /* Assets.xcassets in Resources */,
				1ED5C2E71E9CA0E40039B452 /* Main.storyboard in Resources */,
			);
			runOnlyForDeploymentPostprocessing = 0;
		};
		1ED5C2F01E9CA0E40039B452 /* Resources */ = {
			isa = PBXResourcesBuildPhase;
			buildActionMask = 2147483647;
			files = (
			);
			runOnlyForDeploymentPostprocessing = 0;
		};
		1ED5C2FB1E9CA0E40039B452 /* Resources */ = {
			isa = PBXResourcesBuildPhase;
			buildActionMask = 2147483647;
			files = (
			);
			runOnlyForDeploymentPostprocessing = 0;
		};
/* End PBXResourcesBuildPhase section */

/* Begin PBXShellScriptBuildPhase section */
		063F2E95FC86FE637CC31D32 /* [CP] Check Pods Manifest.lock */ = {
			isa = PBXShellScriptBuildPhase;
			buildActionMask = 2147483647;
			files = (
			);
			inputPaths = (
				"${PODS_PODFILE_DIR_PATH}/Podfile.lock",
				"${PODS_ROOT}/Manifest.lock",
			);
			name = "[CP] Check Pods Manifest.lock";
			outputPaths = (
				"$(DERIVED_FILE_DIR)/Pods-XCFMDBManagerExampleUITests-checkManifestLockResult.txt",
			);
			runOnlyForDeploymentPostprocessing = 0;
			shellPath = /bin/sh;
			shellScript = "diff \"${PODS_PODFILE_DIR_PATH}/Podfile.lock\" \"${PODS_ROOT}/Manifest.lock\" > /dev/null\nif [ $? != 0 ] ; then\n    # print error to STDERR\n    echo \"error: The sandbox is not in sync with the Podfile.lock. Run 'pod install' or update your CocoaPods installation.\" >&2\n    exit 1\nfi\n# This output is used by Xcode 'outputs' to avoid re-running this script phase.\necho \"SUCCESS\" > \"${SCRIPT_OUTPUT_FILE_0}\"\n";
			showEnvVarsInLog = 0;
		};
		5F48C2A66C5F6B2E145ABF91 /* [CP] Copy Pods Resources */ = {
			isa = PBXShellScriptBuildPhase;
			buildActionMask = 2147483647;
			files = (
			);
			inputPaths = (
			);
			name = "[CP] Copy Pods Resources";
			outputPaths = (
			);
			runOnlyForDeploymentPostprocessing = 0;
			shellPath = /bin/sh;
			shellScript = "\"${SRCROOT}/Pods/Target Support Files/Pods-XCFMDBManagerExampleTests/Pods-XCFMDBManagerExampleTests-resources.sh\"\n";
			showEnvVarsInLog = 0;
		};
		661679336867D59B3EAE1362 /* [CP] Check Pods Manifest.lock */ = {
			isa = PBXShellScriptBuildPhase;
			buildActionMask = 2147483647;
			files = (
			);
			inputPaths = (
				"${PODS_PODFILE_DIR_PATH}/Podfile.lock",
				"${PODS_ROOT}/Manifest.lock",
			);
			name = "[CP] Check Pods Manifest.lock";
			outputPaths = (
				"$(DERIVED_FILE_DIR)/Pods-XCFMDBManagerExample-checkManifestLockResult.txt",
			);
			runOnlyForDeploymentPostprocessing = 0;
			shellPath = /bin/sh;
			shellScript = "diff \"${PODS_PODFILE_DIR_PATH}/Podfile.lock\" \"${PODS_ROOT}/Manifest.lock\" > /dev/null\nif [ $? != 0 ] ; then\n    # print error to STDERR\n    echo \"error: The sandbox is not in sync with the Podfile.lock. Run 'pod install' or update your CocoaPods installation.\" >&2\n    exit 1\nfi\n# This output is used by Xcode 'outputs' to avoid re-running this script phase.\necho \"SUCCESS\" > \"${SCRIPT_OUTPUT_FILE_0}\"\n";
			showEnvVarsInLog = 0;
		};
		707142258D719B8EE7595186 /* [CP] Copy Pods Resources */ = {
			isa = PBXShellScriptBuildPhase;
			buildActionMask = 2147483647;
			files = (
			);
			inputPaths = (
			);
			name = "[CP] Copy Pods Resources";
			outputPaths = (
			);
			runOnlyForDeploymentPostprocessing = 0;
			shellPath = /bin/sh;
			shellScript = "\"${SRCROOT}/Pods/Target Support Files/Pods-XCFMDBManagerExample/Pods-XCFMDBManagerExample-resources.sh\"\n";
			showEnvVarsInLog = 0;
		};
		8D9B8C3FAFB619F1076A0A59 /* [CP] Check Pods Manifest.lock */ = {
			isa = PBXShellScriptBuildPhase;
			buildActionMask = 2147483647;
			files = (
			);
			inputPaths = (
				"${PODS_PODFILE_DIR_PATH}/Podfile.lock",
				"${PODS_ROOT}/Manifest.lock",
			);
			name = "[CP] Check Pods Manifest.lock";
			outputPaths = (
				"$(DERIVED_FILE_DIR)/Pods-XCFMDBManagerExampleTests-checkManifestLockResult.txt",
			);
			runOnlyForDeploymentPostprocessing = 0;
			shellPath = /bin/sh;
			shellScript = "diff \"${PODS_PODFILE_DIR_PATH}/Podfile.lock\" \"${PODS_ROOT}/Manifest.lock\" > /dev/null\nif [ $? != 0 ] ; then\n    # print error to STDERR\n    echo \"error: The sandbox is not in sync with the Podfile.lock. Run 'pod install' or update your CocoaPods installation.\" >&2\n    exit 1\nfi\n# This output is used by Xcode 'outputs' to avoid re-running this script phase.\necho \"SUCCESS\" > \"${SCRIPT_OUTPUT_FILE_0}\"\n";
			showEnvVarsInLog = 0;
		};
		98A538E96E681E5E1BE4907B /* [CP] Embed Pods Frameworks */ = {
			isa = PBXShellScriptBuildPhase;
			buildActionMask = 2147483647;
			files = (
			);
			inputPaths = (
				"${SRCROOT}/Pods/Target Support Files/Pods-XCFMDBManagerExample/Pods-XCFMDBManagerExample-frameworks.sh",
				"${BUILT_PRODUCTS_DIR}/FMDB/FMDB.framework",
			);
			name = "[CP] Embed Pods Frameworks";
			outputPaths = (
				"${TARGET_BUILD_DIR}/${FRAMEWORKS_FOLDER_PATH}/FMDB.framework",
			);
			runOnlyForDeploymentPostprocessing = 0;
			shellPath = /bin/sh;
			shellScript = "\"${SRCROOT}/Pods/Target Support Files/Pods-XCFMDBManagerExample/Pods-XCFMDBManagerExample-frameworks.sh\"\n";
			showEnvVarsInLog = 0;
		};
		BFA6B2BBF21908FA0321B54D /* [CP] Copy Pods Resources */ = {
			isa = PBXShellScriptBuildPhase;
			buildActionMask = 2147483647;
			files = (
			);
			inputPaths = (
			);
			name = "[CP] Copy Pods Resources";
			outputPaths = (
			);
			runOnlyForDeploymentPostprocessing = 0;
			shellPath = /bin/sh;
			shellScript = "\"${SRCROOT}/Pods/Target Support Files/Pods-XCFMDBManagerExampleUITests/Pods-XCFMDBManagerExampleUITests-resources.sh\"\n";
			showEnvVarsInLog = 0;
		};
		D5E5CCC583298623A339C3AC /* [CP] Embed Pods Frameworks */ = {
			isa = PBXShellScriptBuildPhase;
			buildActionMask = 2147483647;
			files = (
			);
			inputPaths = (
			);
			name = "[CP] Embed Pods Frameworks";
			outputPaths = (
			);
			runOnlyForDeploymentPostprocessing = 0;
			shellPath = /bin/sh;
			shellScript = "\"${SRCROOT}/Pods/Target Support Files/Pods-XCFMDBManagerExampleUITests/Pods-XCFMDBManagerExampleUITests-frameworks.sh\"\n";
			showEnvVarsInLog = 0;
		};
		FAA4B25663159AB14875DD47 /* [CP] Embed Pods Frameworks */ = {
			isa = PBXShellScriptBuildPhase;
			buildActionMask = 2147483647;
			files = (
			);
			inputPaths = (
			);
			name = "[CP] Embed Pods Frameworks";
			outputPaths = (
			);
			runOnlyForDeploymentPostprocessing = 0;
			shellPath = /bin/sh;
			shellScript = "\"${SRCROOT}/Pods/Target Support Files/Pods-XCFMDBManagerExampleTests/Pods-XCFMDBManagerExampleTests-frameworks.sh\"\n";
			showEnvVarsInLog = 0;
		};
/* End PBXShellScriptBuildPhase section */

/* Begin PBXSourcesBuildPhase section */
		1ED5C2D51E9CA0E40039B452 /* Sources */ = {
			isa = PBXSourcesBuildPhase;
			buildActionMask = 2147483647;
			files = (
				1ED5C32F1E9CA24C0039B452 /* Student.m in Sources */,
				1ED5C3291E9CA1930039B452 /* ViewController.m in Sources */,
				1ED5C32E1E9CA24C0039B452 /* Person.m in Sources */,
				1ED5C2E11E9CA0E40039B452 /* AppDelegate.m in Sources */,
				1ED5C2DE1E9CA0E40039B452 /* main.m in Sources */,
				1ED5C3351E9CA2A50039B452 /* NSObject+FMDB.m in Sources */,
			);
			runOnlyForDeploymentPostprocessing = 0;
		};
		1ED5C2EE1E9CA0E40039B452 /* Sources */ = {
			isa = PBXSourcesBuildPhase;
			buildActionMask = 2147483647;
			files = (
				1ED5C2F71E9CA0E40039B452 /* XCFMDBManagerExampleTests.m in Sources */,
			);
			runOnlyForDeploymentPostprocessing = 0;
		};
		1ED5C2F91E9CA0E40039B452 /* Sources */ = {
			isa = PBXSourcesBuildPhase;
			buildActionMask = 2147483647;
			files = (
				1ED5C3021E9CA0E40039B452 /* XCFMDBManagerExampleUITests.m in Sources */,
			);
			runOnlyForDeploymentPostprocessing = 0;
		};
/* End PBXSourcesBuildPhase section */

/* Begin PBXTargetDependency section */
		1ED5C2F41E9CA0E40039B452 /* PBXTargetDependency */ = {
			isa = PBXTargetDependency;
			target = 1ED5C2D81E9CA0E40039B452 /* XCFMDBManagerExample */;
			targetProxy = 1ED5C2F31E9CA0E40039B452 /* PBXContainerItemProxy */;
		};
		1ED5C2FF1E9CA0E40039B452 /* PBXTargetDependency */ = {
			isa = PBXTargetDependency;
			target = 1ED5C2D81E9CA0E40039B452 /* XCFMDBManagerExample */;
			targetProxy = 1ED5C2FE1E9CA0E40039B452 /* PBXContainerItemProxy */;
		};
/* End PBXTargetDependency section */

/* Begin PBXVariantGroup section */
		1ED5C2E51E9CA0E40039B452 /* Main.storyboard */ = {
			isa = PBXVariantGroup;
			children = (
				1ED5C2E61E9CA0E40039B452 /* Base */,
			);
			name = Main.storyboard;
			sourceTree = "<group>";
		};
		1ED5C2EA1E9CA0E40039B452 /* LaunchScreen.storyboard */ = {
			isa = PBXVariantGroup;
			children = (
				1ED5C2EB1E9CA0E40039B452 /* Base */,
			);
			name = LaunchScreen.storyboard;
			sourceTree = "<group>";
		};
/* End PBXVariantGroup section */

/* Begin XCBuildConfiguration section */
		1ED5C3041E9CA0E40039B452 /* Debug */ = {
			isa = XCBuildConfiguration;
			buildSettings = {
				ALWAYS_SEARCH_USER_PATHS = NO;
				CLANG_ANALYZER_NONNULL = YES;
				CLANG_CXX_LANGUAGE_STANDARD = "gnu++0x";
				CLANG_CXX_LIBRARY = "libc++";
				CLANG_ENABLE_MODULES = YES;
				CLANG_ENABLE_OBJC_ARC = YES;
				CLANG_WARN_BLOCK_CAPTURE_AUTORELEASING = YES;
				CLANG_WARN_BOOL_CONVERSION = YES;
				CLANG_WARN_COMMA = YES;
				CLANG_WARN_CONSTANT_CONVERSION = YES;
				CLANG_WARN_DIRECT_OBJC_ISA_USAGE = YES_ERROR;
				CLANG_WARN_DOCUMENTATION_COMMENTS = YES;
				CLANG_WARN_EMPTY_BODY = YES;
				CLANG_WARN_ENUM_CONVERSION = YES;
				CLANG_WARN_INFINITE_RECURSION = YES;
				CLANG_WARN_INT_CONVERSION = YES;
				CLANG_WARN_NON_LITERAL_NULL_CONVERSION = YES;
				CLANG_WARN_OBJC_LITERAL_CONVERSION = YES;
				CLANG_WARN_OBJC_ROOT_CLASS = YES_ERROR;
				CLANG_WARN_RANGE_LOOP_ANALYSIS = YES;
				CLANG_WARN_STRICT_PROTOTYPES = YES;
				CLANG_WARN_SUSPICIOUS_MOVE = YES;
				CLANG_WARN_SUSPICIOUS_MOVES = YES;
				CLANG_WARN_UNREACHABLE_CODE = YES;
				CLANG_WARN__DUPLICATE_METHOD_MATCH = YES;
				"CODE_SIGN_IDENTITY[sdk=iphoneos*]" = "iPhone Developer";
				COPY_PHASE_STRIP = NO;
				DEBUG_INFORMATION_FORMAT = dwarf;
				ENABLE_STRICT_OBJC_MSGSEND = YES;
				ENABLE_TESTABILITY = YES;
				GCC_C_LANGUAGE_STANDARD = gnu99;
				GCC_DYNAMIC_NO_PIC = NO;
				GCC_NO_COMMON_BLOCKS = YES;
				GCC_OPTIMIZATION_LEVEL = 0;
				GCC_PREPROCESSOR_DEFINITIONS = (
					"DEBUG=1",
					"$(inherited)",
				);
				GCC_WARN_64_TO_32_BIT_CONVERSION = YES;
				GCC_WARN_ABOUT_RETURN_TYPE = YES_ERROR;
				GCC_WARN_UNDECLARED_SELECTOR = YES;
				GCC_WARN_UNINITIALIZED_AUTOS = YES_AGGRESSIVE;
				GCC_WARN_UNUSED_FUNCTION = YES;
				GCC_WARN_UNUSED_VARIABLE = YES;
				IPHONEOS_DEPLOYMENT_TARGET = 10.1;
				MTL_ENABLE_DEBUG_INFO = YES;
				ONLY_ACTIVE_ARCH = YES;
				SDKROOT = iphoneos;
			};
			name = Debug;
		};
		1ED5C3051E9CA0E40039B452 /* Release */ = {
			isa = XCBuildConfiguration;
			buildSettings = {
				ALWAYS_SEARCH_USER_PATHS = NO;
				CLANG_ANALYZER_NONNULL = YES;
				CLANG_CXX_LANGUAGE_STANDARD = "gnu++0x";
				CLANG_CXX_LIBRARY = "libc++";
				CLANG_ENABLE_MODULES = YES;
				CLANG_ENABLE_OBJC_ARC = YES;
				CLANG_WARN_BLOCK_CAPTURE_AUTORELEASING = YES;
				CLANG_WARN_BOOL_CONVERSION = YES;
				CLANG_WARN_COMMA = YES;
				CLANG_WARN_CONSTANT_CONVERSION = YES;
				CLANG_WARN_DIRECT_OBJC_ISA_USAGE = YES_ERROR;
				CLANG_WARN_DOCUMENTATION_COMMENTS = YES;
				CLANG_WARN_EMPTY_BODY = YES;
				CLANG_WARN_ENUM_CONVERSION = YES;
				CLANG_WARN_INFINITE_RECURSION = YES;
				CLANG_WARN_INT_CONVERSION = YES;
				CLANG_WARN_NON_LITERAL_NULL_CONVERSION = YES;
				CLANG_WARN_OBJC_LITERAL_CONVERSION = YES;
				CLANG_WARN_OBJC_ROOT_CLASS = YES_ERROR;
				CLANG_WARN_RANGE_LOOP_ANALYSIS = YES;
				CLANG_WARN_STRICT_PROTOTYPES = YES;
				CLANG_WARN_SUSPICIOUS_MOVE = YES;
				CLANG_WARN_SUSPICIOUS_MOVES = YES;
				CLANG_WARN_UNREACHABLE_CODE = YES;
				CLANG_WARN__DUPLICATE_METHOD_MATCH = YES;
				"CODE_SIGN_IDENTITY[sdk=iphoneos*]" = "iPhone Developer";
				COPY_PHASE_STRIP = NO;
				DEBUG_INFORMATION_FORMAT = "dwarf-with-dsym";
				ENABLE_NS_ASSERTIONS = NO;
				ENABLE_STRICT_OBJC_MSGSEND = YES;
				GCC_C_LANGUAGE_STANDARD = gnu99;
				GCC_NO_COMMON_BLOCKS = YES;
				GCC_WARN_64_TO_32_BIT_CONVERSION = YES;
				GCC_WARN_ABOUT_RETURN_TYPE = YES_ERROR;
				GCC_WARN_UNDECLARED_SELECTOR = YES;
				GCC_WARN_UNINITIALIZED_AUTOS = YES_AGGRESSIVE;
				GCC_WARN_UNUSED_FUNCTION = YES;
				GCC_WARN_UNUSED_VARIABLE = YES;
				IPHONEOS_DEPLOYMENT_TARGET = 10.1;
				MTL_ENABLE_DEBUG_INFO = NO;
				SDKROOT = iphoneos;
				VALIDATE_PRODUCT = YES;
			};
			name = Release;
		};
		1ED5C3071E9CA0E40039B452 /* Debug */ = {
			isa = XCBuildConfiguration;
			baseConfigurationReference = 9547A4F99EFED0902EB4101E /* Pods-XCFMDBManagerExample.debug.xcconfig */;
			buildSettings = {
				ASSETCATALOG_COMPILER_APPICON_NAME = AppIcon;
				INFOPLIST_FILE = XCFMDBManagerExample/Info.plist;
				LD_RUNPATH_SEARCH_PATHS = "$(inherited) @executable_path/Frameworks";
				PRODUCT_BUNDLE_IDENTIFIER = ylh.XCFMDBManagerExample;
				PRODUCT_NAME = "$(TARGET_NAME)";
			};
			name = Debug;
		};
		1ED5C3081E9CA0E40039B452 /* Release */ = {
			isa = XCBuildConfiguration;
			baseConfigurationReference = C12AAB6C70657B87E6CBC3E8 /* Pods-XCFMDBManagerExample.release.xcconfig */;
			buildSettings = {
				ASSETCATALOG_COMPILER_APPICON_NAME = AppIcon;
				INFOPLIST_FILE = XCFMDBManagerExample/Info.plist;
				LD_RUNPATH_SEARCH_PATHS = "$(inherited) @executable_path/Frameworks";
				PRODUCT_BUNDLE_IDENTIFIER = ylh.XCFMDBManagerExample;
				PRODUCT_NAME = "$(TARGET_NAME)";
			};
			name = Release;
		};
		1ED5C30A1E9CA0E40039B452 /* Debug */ = {
			isa = XCBuildConfiguration;
			baseConfigurationReference = 8133112EA82097E53FCEEAAD /* Pods-XCFMDBManagerExampleTests.debug.xcconfig */;
			buildSettings = {
				BUNDLE_LOADER = "$(TEST_HOST)";
				INFOPLIST_FILE = XCFMDBManagerExampleTests/Info.plist;
				LD_RUNPATH_SEARCH_PATHS = "$(inherited) @executable_path/Frameworks @loader_path/Frameworks";
				PRODUCT_BUNDLE_IDENTIFIER = ylh.XCFMDBManagerExampleTests;
				PRODUCT_NAME = "$(TARGET_NAME)";
				TEST_HOST = "$(BUILT_PRODUCTS_DIR)/XCFMDBManagerExample.app/XCFMDBManagerExample";
			};
			name = Debug;
		};
		1ED5C30B1E9CA0E40039B452 /* Release */ = {
			isa = XCBuildConfiguration;
			baseConfigurationReference = F8C0EB32E8DD187258CE1B68 /* Pods-XCFMDBManagerExampleTests.release.xcconfig */;
			buildSettings = {
				BUNDLE_LOADER = "$(TEST_HOST)";
				INFOPLIST_FILE = XCFMDBManagerExampleTests/Info.plist;
				LD_RUNPATH_SEARCH_PATHS = "$(inherited) @executable_path/Frameworks @loader_path/Frameworks";
				PRODUCT_BUNDLE_IDENTIFIER = ylh.XCFMDBManagerExampleTests;
				PRODUCT_NAME = "$(TARGET_NAME)";
				TEST_HOST = "$(BUILT_PRODUCTS_DIR)/XCFMDBManagerExample.app/XCFMDBManagerExample";
			};
			name = Release;
		};
		1ED5C30D1E9CA0E40039B452 /* Debug */ = {
			isa = XCBuildConfiguration;
			baseConfigurationReference = 323AC2FB9F2C59988779D51A /* Pods-XCFMDBManagerExampleUITests.debug.xcconfig */;
			buildSettings = {
				INFOPLIST_FILE = XCFMDBManagerExampleUITests/Info.plist;
				LD_RUNPATH_SEARCH_PATHS = "$(inherited) @executable_path/Frameworks @loader_path/Frameworks";
				PRODUCT_BUNDLE_IDENTIFIER = ylh.XCFMDBManagerExampleUITests;
				PRODUCT_NAME = "$(TARGET_NAME)";
				TEST_TARGET_NAME = XCFMDBManagerExample;
			};
			name = Debug;
		};
		1ED5C30E1E9CA0E40039B452 /* Release */ = {
			isa = XCBuildConfiguration;
			baseConfigurationReference = 0DDDF6D78B0E7EF01B09D262 /* Pods-XCFMDBManagerExampleUITests.release.xcconfig */;
			buildSettings = {
				INFOPLIST_FILE = XCFMDBManagerExampleUITests/Info.plist;
				LD_RUNPATH_SEARCH_PATHS = "$(inherited) @executable_path/Frameworks @loader_path/Frameworks";
				PRODUCT_BUNDLE_IDENTIFIER = ylh.XCFMDBManagerExampleUITests;
				PRODUCT_NAME = "$(TARGET_NAME)";
				TEST_TARGET_NAME = XCFMDBManagerExample;
			};
			name = Release;
		};
/* End XCBuildConfiguration section */

/* Begin XCConfigurationList section */
		1ED5C2D41E9CA0E40039B452 /* Build configuration list for PBXProject "XCFMDBManagerExample" */ = {
			isa = XCConfigurationList;
			buildConfigurations = (
				1ED5C3041E9CA0E40039B452 /* Debug */,
				1ED5C3051E9CA0E40039B452 /* Release */,
			);
			defaultConfigurationIsVisible = 0;
			defaultConfigurationName = Release;
		};
		1ED5C3061E9CA0E40039B452 /* Build configuration list for PBXNativeTarget "XCFMDBManagerExample" */ = {
			isa = XCConfigurationList;
			buildConfigurations = (
				1ED5C3071E9CA0E40039B452 /* Debug */,
				1ED5C3081E9CA0E40039B452 /* Release */,
			);
			defaultConfigurationIsVisible = 0;
			defaultConfigurationName = Release;
		};
		1ED5C3091E9CA0E40039B452 /* Build configuration list for PBXNativeTarget "XCFMDBManagerExampleTests" */ = {
			isa = XCConfigurationList;
			buildConfigurations = (
				1ED5C30A1E9CA0E40039B452 /* Debug */,
				1ED5C30B1E9CA0E40039B452 /* Release */,
			);
			defaultConfigurationIsVisible = 0;
			defaultConfigurationName = Release;
		};
		1ED5C30C1E9CA0E40039B452 /* Build configuration list for PBXNativeTarget "XCFMDBManagerExampleUITests" */ = {
			isa = XCConfigurationList;
			buildConfigurations = (
				1ED5C30D1E9CA0E40039B452 /* Debug */,
				1ED5C30E1E9CA0E40039B452 /* Release */,
			);
			defaultConfigurationIsVisible = 0;
			defaultConfigurationName = Release;
		};
/* End XCConfigurationList section */
	};
	rootObject = 1ED5C2D11E9CA0E40039B452 /* Project object */;
}
